
Microsoft Visual Studio Solution File, Format Version 12.00
Project("{FAE04EC0-301F-11D3-BF4B-00C04F79EFBC}") = "Vergil.Main", "Vergil.Main\Vergil.Main.csproj", "{EB26A6D1-0492-4C7B-8816-F4D4838B2915}"
EndProject
Project("{FAE04EC0-301F-11D3-BF4B-00C04F79EFBC}") = "Vergil.Data", "Vergil.Data\Vergil.Data.csproj", "{3F123FCA-8C2E-4907-A3D6-D6C256A33D38}"
EndProject
Project("{FAE04EC0-301F-11D3-BF4B-00C04F79EFBC}") = "Vergil.Services", "Vergil.Services\Vergil.Services.csproj", "{9D02585E-3DDC-4574-A0CB-CEA9C16D1154}"
EndProject
Project("{FAE04EC0-301F-11D3-BF4B-00C04F79EFBC}") = "Vergil.Api", "Vergil.Api\Vergil.Api.csproj", "{675A453D-9C42-4587-8E56-BABA2F0AB141}"
EndProject
Global
	GlobalSection(SolutionConfigurationPlatforms) = preSolution
		Debug|Any CPU = Debug|Any CPU
		Release|Any CPU = Release|Any CPU
	EndGlobalSection
	GlobalSection(ProjectConfigurationPlatforms) = postSolution
		{EB26A6D1-0492-4C7B-8816-F4D4838B2915}.Debug|Any CPU.ActiveCfg = Debug|Any CPU
		{EB26A6D1-0492-4C7B-8816-F4D4838B2915}.Debug|Any CPU.Build.0 = Debug|Any CPU
		{EB26A6D1-0492-4C7B-8816-F4D4838B2915}.Release|Any CPU.ActiveCfg = Release|Any CPU
		{EB26A6D1-0492-4C7B-8816-F4D4838B2915}.Release|Any CPU.Build.0 = Release|Any CPU
		{3F123FCA-8C2E-4907-A3D6-D6C256A33D38}.Debug|Any CPU.ActiveCfg = Debug|Any CPU
		{3F123FCA-8C2E-4907-A3D6-D6C256A33D38}.Debug|Any CPU.Build.0 = Debug|Any CPU
		{3F123FCA-8C2E-4907-A3D6-D6C256A33D38}.Release|Any CPU.ActiveCfg = Release|Any CPU
		{3F123FCA-8C2E-4907-A3D6-D6C256A33D38}.Release|Any CPU.Build.0 = Release|Any CPU
		{9D02585E-3DDC-4574-A0CB-CEA9C16D1154}.Debug|Any CPU.ActiveCfg = Debug|Any CPU
		{9D02585E-3DDC-4574-A0CB-CEA9C16D1154}.Debug|Any CPU.Build.0 = Debug|Any CPU
		{9D02585E-3DDC-4574-A0CB-CEA9C16D1154}.Release|Any CPU.ActiveCfg = Release|Any CPU
		{9D02585E-3DDC-4574-A0CB-CEA9C16D1154}.Release|Any CPU.Build.0 = Release|Any CPU
		{675A453D-9C42-4587-8E56-BABA2F0AB141}.Debug|Any CPU.ActiveCfg = Debug|Any CPU
		{675A453D-9C42-4587-8E56-BABA2F0AB141}.Debug|Any CPU.Build.0 = Debug|Any CPU
		{675A453D-9C42-4587-8E56-BABA2F0AB141}.Release|Any CPU.ActiveCfg = Release|Any CPU
		{675A453D-9C42-4587-8E56-BABA2F0AB141}.Release|Any CPU.Build.0 = Release|Any CPU
	EndGlobalSection
EndGlobal
